<?xml version="1.0" encoding="utf-8"?>
<Project ToolsVersion="12.0" xmlns="http://schemas.microsoft.com/developer/msbuild/2003">
  <ItemGroup>
    <ClCompile Include="tests\main_test_suite.cpp">
      <Filter>Source Files</Filter>
    </ClCompile>
    <ClCompile Include="tests\tcpPacketTest.cpp">
      <Filter>Source Files</Filter>
    </ClCompile>
    <ClCompile Include="tests\tcpHeaderCovertChannelTest.cpp">
      <Filter>Source Files</Filter>
    </ClCompile>
    <ClCompile Include="tests\bitSetCoderTest.cpp">
      <Filter>Source Files</Filter>
    </ClCompile>
    <ClCompile Include="tests\morseCoderTest.cpp">
      <Filter>Source Files</Filter>
    </ClCompile>
    <ClCompile Include="tests\timingCovertChannelTest.cpp">
      <Filter>Source Files</Filter>
    </ClCompile>
    <ClCompile Include="src\socketconnector.cpp">
      <Filter>Source Files</Filter>
    </ClCompile>
    <ClCompile Include="src\channelmanager.cpp">
      <Filter>Source Files</Filter>
    </ClCompile>
    <ClCompile Include="src\tcpheadercovertchannel.cpp">
      <Filter>Source Files</Filter>
    </ClCompile>
    <ClCompile Include="src\tcppacket.cpp">
      <Filter>Source Files</Filter>
    </ClCompile>
    <ClCompile Include="src\morseCoder.cpp">
      <Filter>Source Files</Filter>
    </ClCompile>
    <ClCompile Include="src\timingcovertchannel.cpp">
      <Filter>Source Files</Filter>
    </ClCompile>
    <ClCompile Include="src\genericpacket.cpp">
      <Filter>Source Files</Filter>
    </ClCompile>
    <ClCompile Include="src\udppacket.cpp">
      <Filter>Source Files</Filter>
    </ClCompile>
    <ClCompile Include="src\sniffer.cpp">
      <Filter>Source Files</Filter>
    </ClCompile>
  </ItemGroup>
  <ItemGroup>
    <ClInclude Include="include\whisperLibrary\socketconnector.hpp">
      <Filter>Header Files</Filter>
    </ClInclude>
    <ClInclude Include="include\whisperLibrary\common.hpp">
      <Filter>Header Files</Filter>
    </ClInclude>
    <ClInclude Include="include\whisperLibrary\channelmanager.hpp">
      <Filter>Header Files</Filter>
    </ClInclude>
    <ClInclude Include="include\whisperLibrary\covertchannel.hpp">
      <Filter>Header Files</Filter>
    </ClInclude>
    <ClInclude Include="include\whisperLibrary\tcpheadercovertchannel.hpp">
      <Filter>Header Files</Filter>
    </ClInclude>
    <ClInclude Include="include\whisperLibrary\bitSetCoder.hpp">
      <Filter>Header Files</Filter>
    </ClInclude>
    <ClInclude Include="src\tcppacket.hpp">
      <Filter>Header Files</Filter>
    </ClInclude>
    <ClInclude Include="include\whisperLibrary\morseCoder.hpp">
      <Filter>Header Files</Filter>
    </ClInclude>
    <ClInclude Include="include\whisperLibrary\timingcovertchannel.hpp">
      <Filter>Header Files</Filter>
    </ClInclude>
    <ClInclude Include="include\whisperLibrary\genericpacket.hpp">
      <Filter>Header Files</Filter>
    </ClInclude>
    <ClInclude Include="include\whisperLibrary\udppacket.hpp">
      <Filter>Header Files</Filter>
    </ClInclude>
    <ClInclude Include="include\whisperLibrary\sniffer.hpp">
      <Filter>Header Files</Filter>
    </ClInclude>
  </ItemGroup>
  <ItemGroup>
    <CustomBuild Include="CMakeLists.txt" />
  </ItemGroup>
  <ItemGroup>
    <Filter Include="Source Files">
      <UniqueIdentifier>{659CCDBF-DE0A-4184-827A-0586942CFB6C}</UniqueIdentifier>
    </Filter>
    <Filter Include="Header Files">
      <UniqueIdentifier>{623DDD32-6A5C-4F92-9FD4-24C76167F2C4}</UniqueIdentifier>
    </Filter>
  </ItemGroup>
</Project>
