Microsoft Visual Studio Solution File, Format Version 12.00
# Visual Studio 2013
Project("{8BC9CEB8-8B4A-11D0-8D11-00A0C91BC942}") = "ALL_BUILD", "ALL_BUILD.vcxproj", "{6491163A-C8E7-4107-9573-DCD59AE787F1}"
	ProjectSection(ProjectDependencies) = postProject
		{4E57573A-7C39-4528-BE70-7974D13DC49E} = {4E57573A-7C39-4528-BE70-7974D13DC49E}
		{82388272-D074-423C-8BEE-5AC20F90192D} = {82388272-D074-423C-8BEE-5AC20F90192D}
	EndProjectSection
EndProject
Project("{8BC9CEB8-8B4A-11D0-8D11-00A0C91BC942}") = "INSTALL", "INSTALL.vcxproj", "{946EDDD8-469E-4D9A-93B1-833294AA1B5A}"
	ProjectSection(ProjectDependencies) = postProject
		{6491163A-C8E7-4107-9573-DCD59AE787F1} = {6491163A-C8E7-4107-9573-DCD59AE787F1}
	EndProjectSection
EndProject
Project("{8BC9CEB8-8B4A-11D0-8D11-00A0C91BC942}") = "ZERO_CHECK", "..\ZERO_CHECK.vcxproj", "{3193A56D-D2B1-4FCF-805D-DBE68DAD759D}"
	ProjectSection(ProjectDependencies) = postProject
	EndProjectSection
EndProject
Project("{8BC9CEB8-8B4A-11D0-8D11-00A0C91BC942}") = "tests", "tests.vcxproj", "{4E57573A-7C39-4528-BE70-7974D13DC49E}"
	ProjectSection(ProjectDependencies) = postProject
		{3193A56D-D2B1-4FCF-805D-DBE68DAD759D} = {3193A56D-D2B1-4FCF-805D-DBE68DAD759D}
		{82388272-D074-423C-8BEE-5AC20F90192D} = {82388272-D074-423C-8BEE-5AC20F90192D}
	EndProjectSection
EndProject
Project("{8BC9CEB8-8B4A-11D0-8D11-00A0C91BC942}") = "whisperLibrary", "whisperLibrary.vcxproj", "{82388272-D074-423C-8BEE-5AC20F90192D}"
	ProjectSection(ProjectDependencies) = postProject
		{3193A56D-D2B1-4FCF-805D-DBE68DAD759D} = {3193A56D-D2B1-4FCF-805D-DBE68DAD759D}
	EndProjectSection
EndProject
Global
	GlobalSection(SolutionConfigurationPlatforms) = preSolution
		Debug|Win32 = Debug|Win32
		Release|Win32 = Release|Win32
		MinSizeRel|Win32 = MinSizeRel|Win32
		RelWithDebInfo|Win32 = RelWithDebInfo|Win32
	EndGlobalSection
	GlobalSection(ProjectConfigurationPlatforms) = postSolution
		{6491163A-C8E7-4107-9573-DCD59AE787F1}.Debug|Win32.ActiveCfg = Debug|Win32
		{6491163A-C8E7-4107-9573-DCD59AE787F1}.Debug|Win32.Build.0 = Debug|Win32
		{6491163A-C8E7-4107-9573-DCD59AE787F1}.Release|Win32.ActiveCfg = Release|Win32
		{6491163A-C8E7-4107-9573-DCD59AE787F1}.Release|Win32.Build.0 = Release|Win32
		{6491163A-C8E7-4107-9573-DCD59AE787F1}.MinSizeRel|Win32.ActiveCfg = MinSizeRel|Win32
		{6491163A-C8E7-4107-9573-DCD59AE787F1}.MinSizeRel|Win32.Build.0 = MinSizeRel|Win32
		{6491163A-C8E7-4107-9573-DCD59AE787F1}.RelWithDebInfo|Win32.ActiveCfg = RelWithDebInfo|Win32
		{6491163A-C8E7-4107-9573-DCD59AE787F1}.RelWithDebInfo|Win32.Build.0 = RelWithDebInfo|Win32
		{946EDDD8-469E-4D9A-93B1-833294AA1B5A}.Debug|Win32.ActiveCfg = Debug|Win32
		{946EDDD8-469E-4D9A-93B1-833294AA1B5A}.Release|Win32.ActiveCfg = Release|Win32
		{946EDDD8-469E-4D9A-93B1-833294AA1B5A}.MinSizeRel|Win32.ActiveCfg = MinSizeRel|Win32
		{946EDDD8-469E-4D9A-93B1-833294AA1B5A}.RelWithDebInfo|Win32.ActiveCfg = RelWithDebInfo|Win32
		{3193A56D-D2B1-4FCF-805D-DBE68DAD759D}.Debug|Win32.ActiveCfg = Debug|Win32
		{3193A56D-D2B1-4FCF-805D-DBE68DAD759D}.Debug|Win32.Build.0 = Debug|Win32
		{3193A56D-D2B1-4FCF-805D-DBE68DAD759D}.Release|Win32.ActiveCfg = Release|Win32
		{3193A56D-D2B1-4FCF-805D-DBE68DAD759D}.Release|Win32.Build.0 = Release|Win32
		{3193A56D-D2B1-4FCF-805D-DBE68DAD759D}.MinSizeRel|Win32.ActiveCfg = MinSizeRel|Win32
		{3193A56D-D2B1-4FCF-805D-DBE68DAD759D}.MinSizeRel|Win32.Build.0 = MinSizeRel|Win32
		{3193A56D-D2B1-4FCF-805D-DBE68DAD759D}.RelWithDebInfo|Win32.ActiveCfg = RelWithDebInfo|Win32
		{3193A56D-D2B1-4FCF-805D-DBE68DAD759D}.RelWithDebInfo|Win32.Build.0 = RelWithDebInfo|Win32
		{4E57573A-7C39-4528-BE70-7974D13DC49E}.Debug|Win32.ActiveCfg = Debug|Win32
		{4E57573A-7C39-4528-BE70-7974D13DC49E}.Debug|Win32.Build.0 = Debug|Win32
		{4E57573A-7C39-4528-BE70-7974D13DC49E}.Release|Win32.ActiveCfg = Release|Win32
		{4E57573A-7C39-4528-BE70-7974D13DC49E}.Release|Win32.Build.0 = Release|Win32
		{4E57573A-7C39-4528-BE70-7974D13DC49E}.MinSizeRel|Win32.ActiveCfg = MinSizeRel|Win32
		{4E57573A-7C39-4528-BE70-7974D13DC49E}.MinSizeRel|Win32.Build.0 = MinSizeRel|Win32
		{4E57573A-7C39-4528-BE70-7974D13DC49E}.RelWithDebInfo|Win32.ActiveCfg = RelWithDebInfo|Win32
		{4E57573A-7C39-4528-BE70-7974D13DC49E}.RelWithDebInfo|Win32.Build.0 = RelWithDebInfo|Win32
		{82388272-D074-423C-8BEE-5AC20F90192D}.Debug|Win32.ActiveCfg = Debug|Win32
		{82388272-D074-423C-8BEE-5AC20F90192D}.Debug|Win32.Build.0 = Debug|Win32
		{82388272-D074-423C-8BEE-5AC20F90192D}.Release|Win32.ActiveCfg = Release|Win32
		{82388272-D074-423C-8BEE-5AC20F90192D}.Release|Win32.Build.0 = Release|Win32
		{82388272-D074-423C-8BEE-5AC20F90192D}.MinSizeRel|Win32.ActiveCfg = MinSizeRel|Win32
		{82388272-D074-423C-8BEE-5AC20F90192D}.MinSizeRel|Win32.Build.0 = MinSizeRel|Win32
		{82388272-D074-423C-8BEE-5AC20F90192D}.RelWithDebInfo|Win32.ActiveCfg = RelWithDebInfo|Win32
		{82388272-D074-423C-8BEE-5AC20F90192D}.RelWithDebInfo|Win32.Build.0 = RelWithDebInfo|Win32
	EndGlobalSection
	GlobalSection(ExtensibilityGlobals) = postSolution
	EndGlobalSection
	GlobalSection(ExtensibilityAddIns) = postSolution
	EndGlobalSection
EndGlobal
